
Microsoft Visual Studio Solution File, Format Version 12.00
# Visual Studio Version 16
VisualStudioVersion = 16.0.31105.61
MinimumVisualStudioVersion = 10.0.40219.1
Project("{9A19103F-16F7-4668-BE54-9A1E7A4F7556}") = "DotNetCoreSqlServerJwtSample", "DotNetCore\DotNetCoreSqlServerJwtSample\DotNetCoreSqlServerJwtSample.csproj", "{B0D27020-D8A5-47E8-9212-55947463D41F}"
EndProject
Project("{9A19103F-16F7-4668-BE54-9A1E7A4F7556}") = "DotNetCoreEntity", "DotNetCore\DotNetCoreEntity\DotNetCoreEntity.csproj", "{AE4472D8-38F0-4F00-A9F9-C97E80AD9A41}"
EndProject
Project("{9A19103F-16F7-4668-BE54-9A1E7A4F7556}") = "DotNetCoreData", "DotNetCore\DotNetCoreData\DotNetCoreData.csproj", "{E6A116D4-E7F5-4436-97A1-66FD614EF271}"
EndProject
Project("{9A19103F-16F7-4668-BE54-9A1E7A4F7556}") = "DotNetCoreService", "DotNetCore\DotNetCoreService\DotNetCoreService.csproj", "{CF2EB16A-ADCC-4EE6-8FB5-F005B8DD1F76}"
EndProject
Project("{9A19103F-16F7-4668-BE54-9A1E7A4F7556}") = "ScaffoldFromDb", "Scaffold\ScaffoldFromDb\ScaffoldFromDb.csproj", "{B06512AE-121D-489E-961D-9C3728058AE7}"
EndProject
Project("{9A19103F-16F7-4668-BE54-9A1E7A4F7556}") = "ScaffoldDbLib", "Scaffold\ScaffoldDbLib\ScaffoldDbLib.csproj", "{70771E66-FD53-493D-8A8B-DC30DA15380C}"
EndProject
Project("{2150E333-8FDC-42A3-9474-1A3956D46DE8}") = "DotNetCore", "DotNetCore", "{D4E0D7FB-48B4-4B1D-90F2-CE3B841AF21F}"
EndProject
Project("{2150E333-8FDC-42A3-9474-1A3956D46DE8}") = "Scaffold", "Scaffold", "{0E3A770E-BB07-4C58-AF79-36B1815EDB70}"
EndProject
Project("{2150E333-8FDC-42A3-9474-1A3956D46DE8}") = "Console", "Console", "{E68EC4A0-ED96-4AEB-A2BF-F6BA22625B53}"
EndProject
Project("{9A19103F-16F7-4668-BE54-9A1E7A4F7556}") = "TestInheritance", "TestInheritance\TestInheritance.csproj", "{96CBE4C1-49A6-4FFA-8D36-51F8D1E6C351}"
EndProject
Project("{2150E333-8FDC-42A3-9474-1A3956D46DE8}") = "AccessModifiers", "AccessModifiers", "{6FBAFE23-353F-4DD7-B96D-CB89AB3495B1}"
EndProject
Project("{FAE04EC0-301F-11D3-BF4B-00C04F79EFBC}") = "AccessModifiersConsole", "AccessModifiersConsole\AccessModifiersConsole.csproj", "{805C2388-F7A6-4D5D-8C3F-5A2C26461241}"
EndProject
Project("{FAE04EC0-301F-11D3-BF4B-00C04F79EFBC}") = "AccessModifiersLib", "AccessModifiersLib\AccessModifiersLib.csproj", "{C050F831-1FEC-41CF-A2CB-4CFA125009DD}"
EndProject
Global
	GlobalSection(SolutionConfigurationPlatforms) = preSolution
		Debug|Any CPU = Debug|Any CPU
		Release|Any CPU = Release|Any CPU
	EndGlobalSection
	GlobalSection(ProjectConfigurationPlatforms) = postSolution
		{B0D27020-D8A5-47E8-9212-55947463D41F}.Debug|Any CPU.ActiveCfg = Debug|Any CPU
		{B0D27020-D8A5-47E8-9212-55947463D41F}.Debug|Any CPU.Build.0 = Debug|Any CPU
		{B0D27020-D8A5-47E8-9212-55947463D41F}.Release|Any CPU.ActiveCfg = Release|Any CPU
		{B0D27020-D8A5-47E8-9212-55947463D41F}.Release|Any CPU.Build.0 = Release|Any CPU
		{AE4472D8-38F0-4F00-A9F9-C97E80AD9A41}.Debug|Any CPU.ActiveCfg = Debug|Any CPU
		{AE4472D8-38F0-4F00-A9F9-C97E80AD9A41}.Debug|Any CPU.Build.0 = Debug|Any CPU
		{AE4472D8-38F0-4F00-A9F9-C97E80AD9A41}.Release|Any CPU.ActiveCfg = Release|Any CPU
		{AE4472D8-38F0-4F00-A9F9-C97E80AD9A41}.Release|Any CPU.Build.0 = Release|Any CPU
		{E6A116D4-E7F5-4436-97A1-66FD614EF271}.Debug|Any CPU.ActiveCfg = Debug|Any CPU
		{E6A116D4-E7F5-4436-97A1-66FD614EF271}.Debug|Any CPU.Build.0 = Debug|Any CPU
		{E6A116D4-E7F5-4436-97A1-66FD614EF271}.Release|Any CPU.ActiveCfg = Release|Any CPU
		{E6A116D4-E7F5-4436-97A1-66FD614EF271}.Release|Any CPU.Build.0 = Release|Any CPU
		{CF2EB16A-ADCC-4EE6-8FB5-F005B8DD1F76}.Debug|Any CPU.ActiveCfg = Debug|Any CPU
		{CF2EB16A-ADCC-4EE6-8FB5-F005B8DD1F76}.Debug|Any CPU.Build.0 = Debug|Any CPU
		{CF2EB16A-ADCC-4EE6-8FB5-F005B8DD1F76}.Release|Any CPU.ActiveCfg = Release|Any CPU
		{CF2EB16A-ADCC-4EE6-8FB5-F005B8DD1F76}.Release|Any CPU.Build.0 = Release|Any CPU
		{B06512AE-121D-489E-961D-9C3728058AE7}.Debug|Any CPU.ActiveCfg = Debug|Any CPU
		{B06512AE-121D-489E-961D-9C3728058AE7}.Debug|Any CPU.Build.0 = Debug|Any CPU
		{B06512AE-121D-489E-961D-9C3728058AE7}.Release|Any CPU.ActiveCfg = Release|Any CPU
		{B06512AE-121D-489E-961D-9C3728058AE7}.Release|Any CPU.Build.0 = Release|Any CPU
		{70771E66-FD53-493D-8A8B-DC30DA15380C}.Debug|Any CPU.ActiveCfg = Debug|Any CPU
		{70771E66-FD53-493D-8A8B-DC30DA15380C}.Debug|Any CPU.Build.0 = Debug|Any CPU
		{70771E66-FD53-493D-8A8B-DC30DA15380C}.Release|Any CPU.ActiveCfg = Release|Any CPU
		{70771E66-FD53-493D-8A8B-DC30DA15380C}.Release|Any CPU.Build.0 = Release|Any CPU
		{96CBE4C1-49A6-4FFA-8D36-51F8D1E6C351}.Debug|Any CPU.ActiveCfg = Debug|Any CPU
		{96CBE4C1-49A6-4FFA-8D36-51F8D1E6C351}.Debug|Any CPU.Build.0 = Debug|Any CPU
		{96CBE4C1-49A6-4FFA-8D36-51F8D1E6C351}.Release|Any CPU.ActiveCfg = Release|Any CPU
		{96CBE4C1-49A6-4FFA-8D36-51F8D1E6C351}.Release|Any CPU.Build.0 = Release|Any CPU
		{805C2388-F7A6-4D5D-8C3F-5A2C26461241}.Debug|Any CPU.ActiveCfg = Debug|Any CPU
		{805C2388-F7A6-4D5D-8C3F-5A2C26461241}.Debug|Any CPU.Build.0 = Debug|Any CPU
		{805C2388-F7A6-4D5D-8C3F-5A2C26461241}.Release|Any CPU.ActiveCfg = Release|Any CPU
		{805C2388-F7A6-4D5D-8C3F-5A2C26461241}.Release|Any CPU.Build.0 = Release|Any CPU
		{C050F831-1FEC-41CF-A2CB-4CFA125009DD}.Debug|Any CPU.ActiveCfg = Debug|Any CPU
		{C050F831-1FEC-41CF-A2CB-4CFA125009DD}.Debug|Any CPU.Build.0 = Debug|Any CPU
		{C050F831-1FEC-41CF-A2CB-4CFA125009DD}.Release|Any CPU.ActiveCfg = Release|Any CPU
		{C050F831-1FEC-41CF-A2CB-4CFA125009DD}.Release|Any CPU.Build.0 = Release|Any CPU
	EndGlobalSection
	GlobalSection(SolutionProperties) = preSolution
		HideSolutionNode = FALSE
	EndGlobalSection
	GlobalSection(NestedProjects) = preSolution
		{B0D27020-D8A5-47E8-9212-55947463D41F} = {D4E0D7FB-48B4-4B1D-90F2-CE3B841AF21F}
		{AE4472D8-38F0-4F00-A9F9-C97E80AD9A41} = {D4E0D7FB-48B4-4B1D-90F2-CE3B841AF21F}
		{E6A116D4-E7F5-4436-97A1-66FD614EF271} = {D4E0D7FB-48B4-4B1D-90F2-CE3B841AF21F}
		{CF2EB16A-ADCC-4EE6-8FB5-F005B8DD1F76} = {D4E0D7FB-48B4-4B1D-90F2-CE3B841AF21F}
		{B06512AE-121D-489E-961D-9C3728058AE7} = {0E3A770E-BB07-4C58-AF79-36B1815EDB70}
		{70771E66-FD53-493D-8A8B-DC30DA15380C} = {0E3A770E-BB07-4C58-AF79-36B1815EDB70}
		{96CBE4C1-49A6-4FFA-8D36-51F8D1E6C351} = {E68EC4A0-ED96-4AEB-A2BF-F6BA22625B53}
		{805C2388-F7A6-4D5D-8C3F-5A2C26461241} = {6FBAFE23-353F-4DD7-B96D-CB89AB3495B1}
		{C050F831-1FEC-41CF-A2CB-4CFA125009DD} = {6FBAFE23-353F-4DD7-B96D-CB89AB3495B1}
	EndGlobalSection
	GlobalSection(ExtensibilityGlobals) = postSolution
		SolutionGuid = {A0C9A0D3-8E8A-4140-B861-AD8618D1E3D5}
	EndGlobalSection
EndGlobal
